# @generated by Move, please check-in and do not edit manually.

[move]
version = 3
manifest_digest = "3BA2FF2FA85BD86CF63F3F45FFB7BEB6313BBBF49663B7F4338B1A3B94EAFEFB"
deps_digest = "F8BBB0CCB2491CA29A3DF03D6F92277A4F3574266507ACD77214D37ECA3F3082"
dependencies = [
  { id = "Sui", name = "Sui" },
]

[[move.package]]
id = "MoveStdlib"
source = { git = "https://github.com/MystenLabs/sui.git", rev = "framework/testnet", subdir = "crates/sui-framework/packages/move-stdlib" }

[[move.package]]
id = "Sui"
source = { git = "https://github.com/MystenLabs/sui.git", rev = "framework/testnet", subdir = "crates/sui-framework/packages/sui-framework" }

dependencies = [
  { id = "MoveStdlib", name = "MoveStdlib" },
]

[move.toolchain-version]
compiler-version = "1.41.0"
edition = "2024.beta"
flavor = "sui"

[env]

[env.testnet]
chain-id = "4c78adac"
original-published-id = "0x0c8688a618273fed1a19a2eceda9ec1580c2cf15743c394eabb957d650bbd3ef"
latest-published-id = "0x0c8688a618273fed1a19a2eceda9ec1580c2cf15743c394eabb957d650bbd3ef"
published-version = "1"
